// !$*UTF8*$!
{
	archiveVersion = 1;
	classes = {
	};
	objectVersion = 50;
	objects = {

/* Begin PBXBuildFile section */
		2E6AF39E254C331000FEBE9D /* AppDelegate.swift in Sources */ = {isa = PBXBuildFile; fileRef = 2E6AF39D254C331000FEBE9D /* AppDelegate.swift */; };
		2E6AF3A0254C331000FEBE9D /* SceneDelegate.swift in Sources */ = {isa = PBXBuildFile; fileRef = 2E6AF39F254C331000FEBE9D /* SceneDelegate.swift */; };
		2E6AF3A2254C331000FEBE9D /* ViewController.swift in Sources */ = {isa = PBXBuildFile; fileRef = 2E6AF3A1254C331000FEBE9D /* ViewController.swift */; };
		2E6AF3A5254C331000FEBE9D /* Main.storyboard in Resources */ = {isa = PBXBuildFile; fileRef = 2E6AF3A3254C331000FEBE9D /* Main.storyboard */; };
		2E6AF3A7254C331300FEBE9D /* Assets.xcassets in Resources */ = {isa = PBXBuildFile; fileRef = 2E6AF3A6254C331300FEBE9D /* Assets.xcassets */; };
		2E6AF3AA254C331300FEBE9D /* LaunchScreen.storyboard in Resources */ = {isa = PBXBuildFile; fileRef = 2E6AF3A8254C331300FEBE9D /* LaunchScreen.storyboard */; };
		2E6AF3B2254C5B5300FEBE9D /* Die.swift in Sources */ = {isa = PBXBuildFile; fileRef = 2E6AF3B1254C5B5300FEBE9D /* Die.swift */; };
		2E6AF3C8254CA68200FEBE9D /* diceRed5.png in Resources */ = {isa = PBXBuildFile; fileRef = 2E6AF3C2254CA68000FEBE9D /* diceRed5.png */; };
		2E6AF3C9254CA68200FEBE9D /* diceRed6.png in Resources */ = {isa = PBXBuildFile; fileRef = 2E6AF3C3254CA68100FEBE9D /* diceRed6.png */; };
		2E6AF3CA254CA68200FEBE9D /* diceRed3.png in Resources */ = {isa = PBXBuildFile; fileRef = 2E6AF3C4254CA68100FEBE9D /* diceRed3.png */; };
		2E6AF3CB254CA68200FEBE9D /* diceRed2.png in Resources */ = {isa = PBXBuildFile; fileRef = 2E6AF3C5254CA68100FEBE9D /* diceRed2.png */; };
		2E6AF3CC254CA68200FEBE9D /* diceRed1.png in Resources */ = {isa = PBXBuildFile; fileRef = 2E6AF3C6254CA68200FEBE9D /* diceRed1.png */; };
		2E6AF3CD254CA68200FEBE9D /* diceRed4.png in Resources */ = {isa = PBXBuildFile; fileRef = 2E6AF3C7254CA68200FEBE9D /* diceRed4.png */; };
/* End PBXBuildFile section */

/* Begin PBXFileReference section */
		2E6AF39A254C331000FEBE9D /* DiceRoll.app */ = {isa = PBXFileReference; explicitFileType = wrapper.application; includeInIndex = 0; path = DiceRoll.app; sourceTree = BUILT_PRODUCTS_DIR; };
		2E6AF39D254C331000FEBE9D /* AppDelegate.swift */ = {isa = PBXFileReference; lastKnownFileType = sourcecode.swift; path = AppDelegate.swift; sourceTree = "<group>"; };
		2E6AF39F254C331000FEBE9D /* SceneDelegate.swift */ = {isa = PBXFileReference; lastKnownFileType = sourcecode.swift; path = SceneDelegate.swift; sourceTree = "<group>"; };
		2E6AF3A1254C331000FEBE9D /* ViewController.swift */ = {isa = PBXFileReference; lastKnownFileType = sourcecode.swift; path = ViewController.swift; sourceTree = "<group>"; };
		2E6AF3A4254C331000FEBE9D /* Base */ = {isa = PBXFileReference; lastKnownFileType = file.storyboard; name = Base; path = Base.lproj/Main.storyboard; sourceTree = "<group>"; };
		2E6AF3A6254C331300FEBE9D /* Assets.xcassets */ = {isa = PBXFileReference; lastKnownFileType = folder.assetcatalog; path = Assets.xcassets; sourceTree = "<group>"; };
		2E6AF3A9254C331300FEBE9D /* Base */ = {isa = PBXFileReference; lastKnownFileType = file.storyboard; name = Base; path = Base.lproj/LaunchScreen.storyboard; sourceTree = "<group>"; };
		2E6AF3AB254C331300FEBE9D /* Info.plist */ = {isa = PBXFileReference; lastKnownFileType = text.plist.xml; path = Info.plist; sourceTree = "<group>"; };
		2E6AF3B1254C5B5300FEBE9D /* Die.swift */ = {isa = PBXFileReference; lastKnownFileType = sourcecode.swift; path = Die.swift; sourceTree = "<group>"; };
		2E6AF3C2254CA68000FEBE9D /* diceRed5.png */ = {isa = PBXFileReference; lastKnownFileType = image.png; path = diceRed5.png; sourceTree = "<group>"; };
		2E6AF3C3254CA68100FEBE9D /* diceRed6.png */ = {isa = PBXFileReference; lastKnownFileType = image.png; path = diceRed6.png; sourceTree = "<group>"; };
		2E6AF3C4254CA68100FEBE9D /* diceRed3.png */ = {isa = PBXFileReference; lastKnownFileType = image.png; path = diceRed3.png; sourceTree = "<group>"; };
		2E6AF3C5254CA68100FEBE9D /* diceRed2.png */ = {isa = PBXFileReference; lastKnownFileType = image.png; path = diceRed2.png; sourceTree = "<group>"; };
		2E6AF3C6254CA68200FEBE9D /* diceRed1.png */ = {isa = PBXFileReference; lastKnownFileType = image.png; path = diceRed1.png; sourceTree = "<group>"; };
		2E6AF3C7254CA68200FEBE9D /* diceRed4.png */ = {isa = PBXFileReference; lastKnownFileType = image.png; path = diceRed4.png; sourceTree = "<group>"; };
/* End PBXFileReference section */

/* Begin PBXFrameworksBuildPhase section */
		2E6AF397254C331000FEBE9D /* Frameworks */ = {
			isa = PBXFrameworksBuildPhase;
			buildActionMask = 2147483647;
			files = (
			);
			runOnlyForDeploymentPostprocessing = 0;
		};
/* End PBXFrameworksBuildPhase section */

/* Begin PBXGroup section */
		2E6AF391254C331000FEBE9D = {
			isa = PBXGroup;
			children = (
				2E6AF39C254C331000FEBE9D /* DiceRoll */,
				2E6AF39B254C331000FEBE9D /* Products */,
			);
			sourceTree = "<group>";
		};
		2E6AF39B254C331000FEBE9D /* Products */ = {
			isa = PBXGroup;
			children = (
				2E6AF39A254C331000FEBE9D /* DiceRoll.app */,
			);
			name = Products;
			sourceTree = "<group>";
		};
		2E6AF39C254C331000FEBE9D /* DiceRoll */ = {
			isa = PBXGroup;
			children = (
				2E6AF3B1254C5B5300FEBE9D /* Die.swift */,
				2E6AF39D254C331000FEBE9D /* AppDelegate.swift */,
				2E6AF39F254C331000FEBE9D /* SceneDelegate.swift */,
				2E6AF3A1254C331000FEBE9D /* ViewController.swift */,
				2E6AF3A3254C331000FEBE9D /* Main.storyboard */,
				2E6AF3A6254C331300FEBE9D /* Assets.xcassets */,
				2E6AF3A8254C331300FEBE9D /* LaunchScreen.storyboard */,
				2E6AF3AB254C331300FEBE9D /* Info.plist */,
				2E6AF3C1254CA65300FEBE9D /* diceImgs */,
			);
			path = DiceRoll;
			sourceTree = "<group>";
		};
		2E6AF3C1254CA65300FEBE9D /* diceImgs */ = {
			isa = PBXGroup;
			children = (
				2E6AF3C6254CA68200FEBE9D /* diceRed1.png */,
				2E6AF3C5254CA68100FEBE9D /* diceRed2.png */,
				2E6AF3C4254CA68100FEBE9D /* diceRed3.png */,
				2E6AF3C7254CA68200FEBE9D /* diceRed4.png */,
				2E6AF3C2254CA68000FEBE9D /* diceRed5.png */,
				2E6AF3C3254CA68100FEBE9D /* diceRed6.png */,
			);
			path = diceImgs;
			sourceTree = "<group>";
		};
/* End PBXGroup section */

/* Begin PBXNativeTarget section */
		2E6AF399254C331000FEBE9D /* DiceRoll */ = {
			isa = PBXNativeTarget;
			buildConfigurationList = 2E6AF3AE254C331300FEBE9D /* Build configuration list for PBXNativeTarget "DiceRoll" */;
			buildPhases = (
				2E6AF396254C331000FEBE9D /* Sources */,
				2E6AF397254C331000FEBE9D /* Frameworks */,
				2E6AF398254C331000FEBE9D /* Resources */,
			);
			buildRules = (
			);
			dependencies = (
			);
			name = DiceRoll;
			productName = DiceRoll;
			productReference = 2E6AF39A254C331000FEBE9D /* DiceRoll.app */;
			productType = "com.apple.product-type.application";
		};
/* End PBXNativeTarget section */

/* Begin PBXProject section */
		2E6AF392254C331000FEBE9D /* Project object */ = {
			isa = PBXProject;
			attributes = {
				LastSwiftUpdateCheck = 1130;
				LastUpgradeCheck = 1130;
				ORGANIZATIONNAME = "Owen Lieberman";
				TargetAttributes = {
					2E6AF399254C331000FEBE9D = {
						CreatedOnToolsVersion = 11.3.1;
					};
				};
			};
			buildConfigurationList = 2E6AF395254C331000FEBE9D /* Build configuration list for PBXProject "DiceRoll" */;
			compatibilityVersion = "Xcode 9.3";
			developmentRegion = en;
			hasScannedForEncodings = 0;
			knownRegions = (
				en,
				Base,
			);
			mainGroup = 2E6AF391254C331000FEBE9D;
			productRefGroup = 2E6AF39B254C331000FEBE9D /* Products */;
			projectDirPath = "";
			projectRoot = "";
			targets = (
				2E6AF399254C331000FEBE9D /* DiceRoll */,
			);
		};
/* End PBXProject section */

/* Begin PBXResourcesBuildPhase section */
		2E6AF398254C331000FEBE9D /* Resources */ = {
			isa = PBXResourcesBuildPhase;
			buildActionMask = 2147483647;
			files = (
				2E6AF3CC254CA68200FEBE9D /* diceRed1.png in Resources */,
				2E6AF3CA254CA68200FEBE9D /* diceRed3.png in Resources */,
				2E6AF3C9254CA68200FEBE9D /* diceRed6.png in Resources */,
				2E6AF3CD254CA68200FEBE9D /* diceRed4.png in Resources */,
				2E6AF3C8254CA68200FEBE9D /* diceRed5.png in Resources */,
				2E6AF3CB254CA68200FEBE9D /* diceRed2.png in Resources */,
				2E6AF3AA254C331300FEBE9D /* LaunchScreen.storyboard in Resources */,
				2E6AF3A7254C331300FEBE9D /* Assets.xcassets in Resources */,
				2E6AF3A5254C331000FEBE9D /* Main.storyboard in Resources */,
			);
			runOnlyForDeploymentPostprocessing = 0;
		};
/* End PBXResourcesBuildPhase section */

/* Begin PBXSourcesBuildPhase section */
		2E6AF396254C331000FEBE9D /* Sources */ = {
			isa = PBXSourcesBuildPhase;
			buildActionMask = 2147483647;
			files = (
				2E6AF3A2254C331000FEBE9D /* ViewController.swift in Sources */,
				2E6AF39E254C331000FEBE9D /* AppDelegate.swift in Sources */,
				2E6AF3B2254C5B5300FEBE9D /* Die.swift in Sources */,
				2E6AF3A0254C331000FEBE9D /* SceneDelegate.swift in Sources */,
			);
			runOnlyForDeploymentPostprocessing = 0;
		};
/* End PBXSourcesBuildPhase section */

/* Begin PBXVariantGroup section */
		2E6AF3A3254C331000FEBE9D /* Main.storyboard */ = {
			isa = PBXVariantGroup;
			children = (
				2E6AF3A4254C331000FEBE9D /* Base */,
			);
			name = Main.storyboard;
			sourceTree = "<group>";
		};
		2E6AF3A8254C331300FEBE9D /* LaunchScreen.storyboard */ = {
			isa = PBXVariantGroup;
			children = (
				2E6AF3A9254C331300FEBE9D /* Base */,
			);
			name = LaunchScreen.storyboard;
			sourceTree = "<group>";
		};
/* End PBXVariantGroup section */

/* Begin XCBuildConfiguration section */
		2E6AF3AC254C331300FEBE9D /* Debug */ = {
			isa = XCBuildConfiguration;
			buildSettings = {
				ALWAYS_SEARCH_USER_PATHS = NO;
				CLANG_ANALYZER_NONNULL = YES;
				CLANG_ANALYZER_NUMBER_OBJECT_CONVERSION = YES_AGGRESSIVE;
				CLANG_CXX_LANGUAGE_STANDARD = "gnu++14";
				CLANG_CXX_LIBRARY = "libc++";
				CLANG_ENABLE_MODULES = YES;
				CLANG_ENABLE_OBJC_ARC = YES;
				CLANG_ENABLE_OBJC_WEAK = YES;
				CLANG_WARN_BLOCK_CAPTURE_AUTORELEASING = YES;
				CLANG_WARN_BOOL_CONVERSION = YES;
				CLANG_WARN_COMMA = YES;
				CLANG_WARN_CONSTANT_CONVERSION = YES;
				CLANG_WARN_DEPRECATED_OBJC_IMPLEMENTATIONS = YES;
				CLANG_WARN_DIRECT_OBJC_ISA_USAGE = YES_ERROR;
				CLANG_WARN_DOCUMENTATION_COMMENTS = YES;
				CLANG_WARN_EMPTY_BODY = YES;
				CLANG_WARN_ENUM_CONVERSION = YES;
				CLANG_WARN_INFINITE_RECURSION = YES;
				CLANG_WARN_INT_CONVERSION = YES;
				CLANG_WARN_NON_LITERAL_NULL_CONVERSION = YES;
				CLANG_WARN_OBJC_IMPLICIT_RETAIN_SELF = YES;
				CLANG_WARN_OBJC_LITERAL_CONVERSION = YES;
				CLANG_WARN_OBJC_ROOT_CLASS = YES_ERROR;
				CLANG_WARN_RANGE_LOOP_ANALYSIS = YES;
				CLANG_WARN_STRICT_PROTOTYPES = YES;
				CLANG_WARN_SUSPICIOUS_MOVE = YES;
				CLANG_WARN_UNGUARDED_AVAILABILITY = YES_AGGRESSIVE;
				CLANG_WARN_UNREACHABLE_CODE = YES;
				CLANG_WARN__DUPLICATE_METHOD_MATCH = YES;
				COPY_PHASE_STRIP = NO;
				DEBUG_INFORMATION_FORMAT = dwarf;
				ENABLE_STRICT_OBJC_MSGSEND = YES;
				ENABLE_TESTABILITY = YES;
				GCC_C_LANGUAGE_STANDARD = gnu11;
				GCC_DYNAMIC_NO_PIC = NO;
				GCC_NO_COMMON_BLOCKS = YES;
				GCC_OPTIMIZATION_LEVEL = 0;
				GCC_PREPROCESSOR_DEFINITIONS = (
					"DEBUG=1",
					"$(inherited)",
				);
				GCC_WARN_64_TO_32_BIT_CONVERSION = YES;
				GCC_WARN_ABOUT_RETURN_TYPE = YES_ERROR;
				GCC_WARN_UNDECLARED_SELECTOR = YES;
				GCC_WARN_UNINITIALIZED_AUTOS = YES_AGGRESSIVE;
				GCC_WARN_UNUSED_FUNCTION = YES;
				GCC_WARN_UNUSED_VARIABLE = YES;
				IPHONEOS_DEPLOYMENT_TARGET = 13.2;
				MTL_ENABLE_DEBUG_INFO = INCLUDE_SOURCE;
				MTL_FAST_MATH = YES;
				ONLY_ACTIVE_ARCH = YES;
				SDKROOT = iphoneos;
				SWIFT_ACTIVE_COMPILATION_CONDITIONS = DEBUG;
				SWIFT_OPTIMIZATION_LEVEL = "-Onone";
			};
			name = Debug;
		};
		2E6AF3AD254C331300FEBE9D /* Release */ = {
			isa = XCBuildConfiguration;
			buildSettings = {
				ALWAYS_SEARCH_USER_PATHS = NO;
				CLANG_ANALYZER_NONNULL = YES;
				CLANG_ANALYZER_NUMBER_OBJECT_CONVERSION = YES_AGGRESSIVE;
				CLANG_CXX_LANGUAGE_STANDARD = "gnu++14";
				CLANG_CXX_LIBRARY = "libc++";
				CLANG_ENABLE_MODULES = YES;
				CLANG_ENABLE_OBJC_ARC = YES;
				CLANG_ENABLE_OBJC_WEAK = YES;
				CLANG_WARN_BLOCK_CAPTURE_AUTORELEASING = YES;
				CLANG_WARN_BOOL_CONVERSION = YES;
				CLANG_WARN_COMMA = YES;
				CLANG_WARN_CONSTANT_CONVERSION = YES;
				CLANG_WARN_DEPRECATED_OBJC_IMPLEMENTATIONS = YES;
				CLANG_WARN_DIRECT_OBJC_ISA_USAGE = YES_ERROR;
				CLANG_WARN_DOCUMENTATION_COMMENTS = YES;
				CLANG_WARN_EMPTY_BODY = YES;
				CLANG_WARN_ENUM_CONVERSION = YES;
				CLANG_WARN_INFINITE_RECURSION = YES;
				CLANG_WARN_INT_CONVERSION = YES;
				CLANG_WARN_NON_LITERAL_NULL_CONVERSION = YES;
				CLANG_WARN_OBJC_IMPLICIT_RETAIN_SELF = YES;
				CLANG_WARN_OBJC_LITERAL_CONVERSION = YES;
				CLANG_WARN_OBJC_ROOT_CLASS = YES_ERROR;
				CLANG_WARN_RANGE_LOOP_ANALYSIS = YES;
				CLANG_WARN_STRICT_PROTOTYPES = YES;
				CLANG_WARN_SUSPICIOUS_MOVE = YES;
				CLANG_WARN_UNGUARDED_AVAILABILITY = YES_AGGRESSIVE;
				CLANG_WARN_UNREACHABLE_CODE = YES;
				CLANG_WARN__DUPLICATE_METHOD_MATCH = YES;
				COPY_PHASE_STRIP = NO;
				DEBUG_INFORMATION_FORMAT = "dwarf-with-dsym";
				ENABLE_NS_ASSERTIONS = NO;
				ENABLE_STRICT_OBJC_MSGSEND = YES;
				GCC_C_LANGUAGE_STANDARD = gnu11;
				GCC_NO_COMMON_BLOCKS = YES;
				GCC_WARN_64_TO_32_BIT_CONVERSION = YES;
				GCC_WARN_ABOUT_RETURN_TYPE = YES_ERROR;
				GCC_WARN_UNDECLARED_SELECTOR = YES;
				GCC_WARN_UNINITIALIZED_AUTOS = YES_AGGRESSIVE;
				GCC_WARN_UNUSED_FUNCTION = YES;
				GCC_WARN_UNUSED_VARIABLE = YES;
				IPHONEOS_DEPLOYMENT_TARGET = 13.2;
				MTL_ENABLE_DEBUG_INFO = NO;
				MTL_FAST_MATH = YES;
				SDKROOT = iphoneos;
				SWIFT_COMPILATION_MODE = wholemodule;
				SWIFT_OPTIMIZATION_LEVEL = "-O";
				VALIDATE_PRODUCT = YES;
			};
			name = Release;
		};
		2E6AF3AF254C331300FEBE9D /* Debug */ = {
			isa = XCBuildConfiguration;
			buildSettings = {
				ASSETCATALOG_COMPILER_APPICON_NAME = AppIcon;
				CODE_SIGN_STYLE = Automatic;
				INFOPLIST_FILE = DiceRoll/Info.plist;
				LD_RUNPATH_SEARCH_PATHS = (
					"$(inherited)",
					"@executable_path/Frameworks",
				);
				PRODUCT_BUNDLE_IDENTIFIER = owenlieberman.DiceRoll;
				PRODUCT_NAME = "$(TARGET_NAME)";
				SWIFT_VERSION = 5.0;
				TARGETED_DEVICE_FAMILY = "1,2";
			};
			name = Debug;
		};
		2E6AF3B0254C331300FEBE9D /* Release */ = {
			isa = XCBuildConfiguration;
			buildSettings = {
				ASSETCATALOG_COMPILER_APPICON_NAME = AppIcon;
				CODE_SIGN_STYLE = Automatic;
				INFOPLIST_FILE = DiceRoll/Info.plist;
				LD_RUNPATH_SEARCH_PATHS = (
					"$(inherited)",
					"@executable_path/Frameworks",
				);
				PRODUCT_BUNDLE_IDENTIFIER = owenlieberman.DiceRoll;
				PRODUCT_NAME = "$(TARGET_NAME)";
				SWIFT_VERSION = 5.0;
				TARGETED_DEVICE_FAMILY = "1,2";
			};
			name = Release;
		};
/* End XCBuildConfiguration section */

/* Begin XCConfigurationList section */
		2E6AF395254C331000FEBE9D /* Build configuration list for PBXProject "DiceRoll" */ = {
			isa = XCConfigurationList;
			buildConfigurations = (
				2E6AF3AC254C331300FEBE9D /* Debug */,
				2E6AF3AD254C331300FEBE9D /* Release */,
			);
			defaultConfigurationIsVisible = 0;
			defaultConfigurationName = Release;
		};
		2E6AF3AE254C331300FEBE9D /* Build configuration list for PBXNativeTarget "DiceRoll" */ = {
			isa = XCConfigurationList;
			buildConfigurations = (
				2E6AF3AF254C331300FEBE9D /* Debug */,
				2E6AF3B0254C331300FEBE9D /* Release */,
			);
			defaultConfigurationIsVisible = 0;
			defaultConfigurationName = Release;
		};
/* End XCConfigurationList section */
	};
	rootObject = 2E6AF392254C331000FEBE9D /* Project object */;
}
